// !$*UTF8*$!
{
	archiveVersion = 1;
	classes = {
	};
	objectVersion = 51;
	objects = {

/* Begin PBXBuildFile section */
		CC20433325F34F3000AEFBA9 /* AppDelegate.swift in Sources */ = {isa = PBXBuildFile; fileRef = CC20433225F34F3000AEFBA9 /* AppDelegate.swift */; };
		CC20433525F34F3100AEFBA9 /* SceneDelegate.swift in Sources */ = {isa = PBXBuildFile; fileRef = CC20433425F34F3100AEFBA9 /* SceneDelegate.swift */; };
		CC20433725F34F3100AEFBA9 /* HomeViewController.swift in Sources */ = {isa = PBXBuildFile; fileRef = CC20433625F34F3100AEFBA9 /* HomeViewController.swift */; };
		CC20433C25F34F3600AEFBA9 /* Assets.xcassets in Resources */ = {isa = PBXBuildFile; fileRef = CC20433B25F34F3600AEFBA9 /* Assets.xcassets */; };
		CC20433F25F34F3600AEFBA9 /* LaunchScreen.storyboard in Resources */ = {isa = PBXBuildFile; fileRef = CC20433D25F34F3600AEFBA9 /* LaunchScreen.storyboard */; };
		CC20434B25F3520200AEFBA9 /* ExploreViewController.swift in Sources */ = {isa = PBXBuildFile; fileRef = CC20434A25F3520200AEFBA9 /* ExploreViewController.swift */; };
		CC20434D25F3521800AEFBA9 /* CameraViewController.swift in Sources */ = {isa = PBXBuildFile; fileRef = CC20434C25F3521800AEFBA9 /* CameraViewController.swift */; };
		CC20434F25F3522D00AEFBA9 /* NotificationsViewController.swift in Sources */ = {isa = PBXBuildFile; fileRef = CC20434E25F3522D00AEFBA9 /* NotificationsViewController.swift */; };
		CC20435125F3524A00AEFBA9 /* ProfileViewController.swift in Sources */ = {isa = PBXBuildFile; fileRef = CC20435025F3524A00AEFBA9 /* ProfileViewController.swift */; };
		CC20435625F353A000AEFBA9 /* LoginViewController.swift in Sources */ = {isa = PBXBuildFile; fileRef = CC20435525F353A000AEFBA9 /* LoginViewController.swift */; };
		CC20435825F353B400AEFBA9 /* RegistrationViewController.swift in Sources */ = {isa = PBXBuildFile; fileRef = CC20435725F353B300AEFBA9 /* RegistrationViewController.swift */; };
		CC20435A25F353D300AEFBA9 /* PostViewController.swift in Sources */ = {isa = PBXBuildFile; fileRef = CC20435925F353D300AEFBA9 /* PostViewController.swift */; };
		CC20435C25F3540A00AEFBA9 /* SettingsViewController.swift in Sources */ = {isa = PBXBuildFile; fileRef = CC20435B25F3540A00AEFBA9 /* SettingsViewController.swift */; };
		CC20435E25F3542000AEFBA9 /* EditProfileViewController.swift in Sources */ = {isa = PBXBuildFile; fileRef = CC20435D25F3542000AEFBA9 /* EditProfileViewController.swift */; };
		CC20436025F3549600AEFBA9 /* ListViewController.swift in Sources */ = {isa = PBXBuildFile; fileRef = CC20435F25F3549600AEFBA9 /* ListViewController.swift */; };
		CC20436225F354B200AEFBA9 /* SearchViewController.swift in Sources */ = {isa = PBXBuildFile; fileRef = CC20436125F354B200AEFBA9 /* SearchViewController.swift */; };
		CC20436425F354C400AEFBA9 /* SearchResultsViewController.swift in Sources */ = {isa = PBXBuildFile; fileRef = CC20436325F354C400AEFBA9 /* SearchResultsViewController.swift */; };
		CC20436625F3552000AEFBA9 /* PostEditorViewController.swift in Sources */ = {isa = PBXBuildFile; fileRef = CC20436525F3552000AEFBA9 /* PostEditorViewController.swift */; };
		CC20436825F3552F00AEFBA9 /* PublishPostViewController.swift in Sources */ = {isa = PBXBuildFile; fileRef = CC20436725F3552F00AEFBA9 /* PublishPostViewController.swift */; };
		CC20436A25F365F900AEFBA9 /* GoogleService-Info.plist in Resources */ = {isa = PBXBuildFile; fileRef = CC20436925F365F800AEFBA9 /* GoogleService-Info.plist */; };
		CC20436C25F36B1600AEFBA9 /* DatabaseManager.swift in Sources */ = {isa = PBXBuildFile; fileRef = CC20436B25F36B1600AEFBA9 /* DatabaseManager.swift */; };
		CC20436E25F36CC700AEFBA9 /* AuthManager.swift in Sources */ = {isa = PBXBuildFile; fileRef = CC20436D25F36CC700AEFBA9 /* AuthManager.swift */; };
		CC20437025F36D0D00AEFBA9 /* StorageManager.swift in Sources */ = {isa = PBXBuildFile; fileRef = CC20436F25F36D0D00AEFBA9 /* StorageManager.swift */; };
		CC20437225F3869B00AEFBA9 /* Extensions.swift in Sources */ = {isa = PBXBuildFile; fileRef = CC20437125F3869B00AEFBA9 /* Extensions.swift */; };
/* End PBXBuildFile section */

/* Begin PBXFileReference section */
		CC20432F25F34F3000AEFBA9 /* Instagram.app */ = {isa = PBXFileReference; explicitFileType = wrapper.application; includeInIndex = 0; path = Instagram.app; sourceTree = BUILT_PRODUCTS_DIR; };
		CC20433225F34F3000AEFBA9 /* AppDelegate.swift */ = {isa = PBXFileReference; lastKnownFileType = sourcecode.swift; path = AppDelegate.swift; sourceTree = "<group>"; };
		CC20433425F34F3100AEFBA9 /* SceneDelegate.swift */ = {isa = PBXFileReference; lastKnownFileType = sourcecode.swift; path = SceneDelegate.swift; sourceTree = "<group>"; };
		CC20433625F34F3100AEFBA9 /* HomeViewController.swift */ = {isa = PBXFileReference; lastKnownFileType = sourcecode.swift; path = HomeViewController.swift; sourceTree = "<group>"; };
		CC20433B25F34F3600AEFBA9 /* Assets.xcassets */ = {isa = PBXFileReference; lastKnownFileType = folder.assetcatalog; path = Assets.xcassets; sourceTree = "<group>"; };
		CC20433E25F34F3600AEFBA9 /* Base */ = {isa = PBXFileReference; lastKnownFileType = file.storyboard; name = Base; path = Base.lproj/LaunchScreen.storyboard; sourceTree = "<group>"; };
		CC20434025F34F3600AEFBA9 /* Info.plist */ = {isa = PBXFileReference; lastKnownFileType = text.plist.xml; path = Info.plist; sourceTree = "<group>"; };
		CC20434A25F3520200AEFBA9 /* ExploreViewController.swift */ = {isa = PBXFileReference; lastKnownFileType = sourcecode.swift; path = ExploreViewController.swift; sourceTree = "<group>"; };
		CC20434C25F3521800AEFBA9 /* CameraViewController.swift */ = {isa = PBXFileReference; lastKnownFileType = sourcecode.swift; path = CameraViewController.swift; sourceTree = "<group>"; };
		CC20434E25F3522D00AEFBA9 /* NotificationsViewController.swift */ = {isa = PBXFileReference; lastKnownFileType = sourcecode.swift; path = NotificationsViewController.swift; sourceTree = "<group>"; };
		CC20435025F3524A00AEFBA9 /* ProfileViewController.swift */ = {isa = PBXFileReference; lastKnownFileType = sourcecode.swift; path = ProfileViewController.swift; sourceTree = "<group>"; };
		CC20435525F353A000AEFBA9 /* LoginViewController.swift */ = {isa = PBXFileReference; lastKnownFileType = sourcecode.swift; path = LoginViewController.swift; sourceTree = "<group>"; };
		CC20435725F353B300AEFBA9 /* RegistrationViewController.swift */ = {isa = PBXFileReference; lastKnownFileType = sourcecode.swift; path = RegistrationViewController.swift; sourceTree = "<group>"; };
		CC20435925F353D300AEFBA9 /* PostViewController.swift */ = {isa = PBXFileReference; lastKnownFileType = sourcecode.swift; path = PostViewController.swift; sourceTree = "<group>"; };
		CC20435B25F3540A00AEFBA9 /* SettingsViewController.swift */ = {isa = PBXFileReference; lastKnownFileType = sourcecode.swift; path = SettingsViewController.swift; sourceTree = "<group>"; };
		CC20435D25F3542000AEFBA9 /* EditProfileViewController.swift */ = {isa = PBXFileReference; lastKnownFileType = sourcecode.swift; path = EditProfileViewController.swift; sourceTree = "<group>"; };
		CC20435F25F3549600AEFBA9 /* ListViewController.swift */ = {isa = PBXFileReference; lastKnownFileType = sourcecode.swift; path = ListViewController.swift; sourceTree = "<group>"; };
		CC20436125F354B200AEFBA9 /* SearchViewController.swift */ = {isa = PBXFileReference; lastKnownFileType = sourcecode.swift; path = SearchViewController.swift; sourceTree = "<group>"; };
		CC20436325F354C400AEFBA9 /* SearchResultsViewController.swift */ = {isa = PBXFileReference; lastKnownFileType = sourcecode.swift; path = SearchResultsViewController.swift; sourceTree = "<group>"; };
		CC20436525F3552000AEFBA9 /* PostEditorViewController.swift */ = {isa = PBXFileReference; lastKnownFileType = sourcecode.swift; path = PostEditorViewController.swift; sourceTree = "<group>"; };
		CC20436725F3552F00AEFBA9 /* PublishPostViewController.swift */ = {isa = PBXFileReference; lastKnownFileType = sourcecode.swift; path = PublishPostViewController.swift; sourceTree = "<group>"; };
		CC20436925F365F800AEFBA9 /* GoogleService-Info.plist */ = {isa = PBXFileReference; fileEncoding = 4; lastKnownFileType = text.plist.xml; path = "GoogleService-Info.plist"; sourceTree = "<group>"; };
		CC20436B25F36B1600AEFBA9 /* DatabaseManager.swift */ = {isa = PBXFileReference; lastKnownFileType = sourcecode.swift; path = DatabaseManager.swift; sourceTree = "<group>"; };
		CC20436D25F36CC700AEFBA9 /* AuthManager.swift */ = {isa = PBXFileReference; lastKnownFileType = sourcecode.swift; path = AuthManager.swift; sourceTree = "<group>"; };
		CC20436F25F36D0D00AEFBA9 /* StorageManager.swift */ = {isa = PBXFileReference; lastKnownFileType = sourcecode.swift; path = StorageManager.swift; sourceTree = "<group>"; };
		CC20437125F3869B00AEFBA9 /* Extensions.swift */ = {isa = PBXFileReference; lastKnownFileType = sourcecode.swift; path = Extensions.swift; sourceTree = "<group>"; };
/* End PBXFileReference section */

/* Begin PBXFrameworksBuildPhase section */
		CC20432C25F34F3000AEFBA9 /* Frameworks */ = {
			isa = PBXFrameworksBuildPhase;
			buildActionMask = 2147483647;
			files = (
			);
			runOnlyForDeploymentPostprocessing = 0;
		};
/* End PBXFrameworksBuildPhase section */

/* Begin PBXGroup section */
		56F8A97254CA7F89E9AF91BB /* Pods */ = {
			isa = PBXGroup;
			children = (
			);
			path = Pods;
			sourceTree = "<group>";
		};
		CC20432625F34F3000AEFBA9 = {
			isa = PBXGroup;
			children = (
				CC20433125F34F3000AEFBA9 /* Instagram */,
				CC20433025F34F3000AEFBA9 /* Products */,
				56F8A97254CA7F89E9AF91BB /* Pods */,
			);
			sourceTree = "<group>";
		};
		CC20433025F34F3000AEFBA9 /* Products */ = {
			isa = PBXGroup;
			children = (
				CC20432F25F34F3000AEFBA9 /* Instagram.app */,
			);
			name = Products;
			sourceTree = "<group>";
		};
		CC20433125F34F3000AEFBA9 /* Instagram */ = {
			isa = PBXGroup;
			children = (
				CC20434925F3518400AEFBA9 /* Resources */,
				CC20434825F3517500AEFBA9 /* Models */,
				CC20434725F3516E00AEFBA9 /* Views */,
				CC20434625F3514E00AEFBA9 /* Controllers */,
				CC20434025F34F3600AEFBA9 /* Info.plist */,
				CC20436925F365F800AEFBA9 /* GoogleService-Info.plist */,
			);
			path = Instagram;
			sourceTree = "<group>";
		};
		CC20434625F3514E00AEFBA9 /* Controllers */ = {
			isa = PBXGroup;
			children = (
				CC20435325F3538100AEFBA9 /* Others */,
				CC20435225F3526E00AEFBA9 /* Core Tabs */,
			);
			path = Controllers;
			sourceTree = "<group>";
		};
		CC20434725F3516E00AEFBA9 /* Views */ = {
			isa = PBXGroup;
			children = (
			);
			path = Views;
			sourceTree = "<group>";
		};
		CC20434825F3517500AEFBA9 /* Models */ = {
			isa = PBXGroup;
			children = (
			);
			path = Models;
			sourceTree = "<group>";
		};
		CC20434925F3518400AEFBA9 /* Resources */ = {
			isa = PBXGroup;
			children = (
				CC20433225F34F3000AEFBA9 /* AppDelegate.swift */,
				CC20433425F34F3100AEFBA9 /* SceneDelegate.swift */,
				CC20433B25F34F3600AEFBA9 /* Assets.xcassets */,
				CC20433D25F34F3600AEFBA9 /* LaunchScreen.storyboard */,
				CC20436B25F36B1600AEFBA9 /* DatabaseManager.swift */,
				CC20436D25F36CC700AEFBA9 /* AuthManager.swift */,
				CC20436F25F36D0D00AEFBA9 /* StorageManager.swift */,
				CC20437125F3869B00AEFBA9 /* Extensions.swift */,
			);
			path = Resources;
			sourceTree = "<group>";
		};
		CC20435225F3526E00AEFBA9 /* Core Tabs */ = {
			isa = PBXGroup;
			children = (
				CC20433625F34F3100AEFBA9 /* HomeViewController.swift */,
				CC20434A25F3520200AEFBA9 /* ExploreViewController.swift */,
				CC20434C25F3521800AEFBA9 /* CameraViewController.swift */,
				CC20434E25F3522D00AEFBA9 /* NotificationsViewController.swift */,
				CC20435025F3524A00AEFBA9 /* ProfileViewController.swift */,
			);
			path = "Core Tabs";
			sourceTree = "<group>";
		};
		CC20435325F3538100AEFBA9 /* Others */ = {
			isa = PBXGroup;
			children = (
				CC20435425F3538800AEFBA9 /* Onboarding */,
				CC20435925F353D300AEFBA9 /* PostViewController.swift */,
				CC20435B25F3540A00AEFBA9 /* SettingsViewController.swift */,
				CC20435D25F3542000AEFBA9 /* EditProfileViewController.swift */,
				CC20435F25F3549600AEFBA9 /* ListViewController.swift */,
				CC20436125F354B200AEFBA9 /* SearchViewController.swift */,
				CC20436325F354C400AEFBA9 /* SearchResultsViewController.swift */,
				CC20436525F3552000AEFBA9 /* PostEditorViewController.swift */,
				CC20436725F3552F00AEFBA9 /* PublishPostViewController.swift */,
			);
			path = Others;
			sourceTree = "<group>";
		};
		CC20435425F3538800AEFBA9 /* Onboarding */ = {
			isa = PBXGroup;
			children = (
				CC20435525F353A000AEFBA9 /* LoginViewController.swift */,
				CC20435725F353B300AEFBA9 /* RegistrationViewController.swift */,
			);
			path = Onboarding;
			sourceTree = "<group>";
		};
/* End PBXGroup section */

/* Begin PBXNativeTarget section */
		CC20432E25F34F3000AEFBA9 /* Instagram */ = {
			isa = PBXNativeTarget;
			buildConfigurationList = CC20434325F34F3600AEFBA9 /* Build configuration list for PBXNativeTarget "Instagram" */;
			buildPhases = (
				CC20432B25F34F3000AEFBA9 /* Sources */,
				CC20432C25F34F3000AEFBA9 /* Frameworks */,
				CC20432D25F34F3000AEFBA9 /* Resources */,
			);
			buildRules = (
			);
			dependencies = (
			);
			name = Instagram;
			productName = Instagram;
			productReference = CC20432F25F34F3000AEFBA9 /* Instagram.app */;
			productType = "com.apple.product-type.application";
		};
/* End PBXNativeTarget section */

/* Begin PBXProject section */
		CC20432725F34F3000AEFBA9 /* Project object */ = {
			isa = PBXProject;
			attributes = {
				LastSwiftUpdateCheck = 1170;
				LastUpgradeCheck = 1170;
				ORGANIZATIONNAME = "Prashant Humney";
				TargetAttributes = {
					CC20432E25F34F3000AEFBA9 = {
						CreatedOnToolsVersion = 11.7;
					};
				};
			};
			buildConfigurationList = CC20432A25F34F3000AEFBA9 /* Build configuration list for PBXProject "Instagram" */;
			compatibilityVersion = "Xcode 9.3";
			developmentRegion = en;
			hasScannedForEncodings = 0;
			knownRegions = (
				en,
				Base,
			);
			mainGroup = CC20432625F34F3000AEFBA9;
			productRefGroup = CC20433025F34F3000AEFBA9 /* Products */;
			projectDirPath = "";
			projectRoot = "";
			targets = (
				CC20432E25F34F3000AEFBA9 /* Instagram */,
			);
		};
/* End PBXProject section */

/* Begin PBXResourcesBuildPhase section */
		CC20432D25F34F3000AEFBA9 /* Resources */ = {
			isa = PBXResourcesBuildPhase;
			buildActionMask = 2147483647;
			files = (
				CC20433F25F34F3600AEFBA9 /* LaunchScreen.storyboard in Resources */,
				CC20433C25F34F3600AEFBA9 /* Assets.xcassets in Resources */,
				CC20436A25F365F900AEFBA9 /* GoogleService-Info.plist in Resources */,
			);
			runOnlyForDeploymentPostprocessing = 0;
		};
/* End PBXResourcesBuildPhase section */

/* Begin PBXSourcesBuildPhase section */
		CC20432B25F34F3000AEFBA9 /* Sources */ = {
			isa = PBXSourcesBuildPhase;
			buildActionMask = 2147483647;
			files = (
				CC20434B25F3520200AEFBA9 /* ExploreViewController.swift in Sources */,
				CC20434D25F3521800AEFBA9 /* CameraViewController.swift in Sources */,
				CC20436825F3552F00AEFBA9 /* PublishPostViewController.swift in Sources */,
				CC20435C25F3540A00AEFBA9 /* SettingsViewController.swift in Sources */,
				CC20433725F34F3100AEFBA9 /* HomeViewController.swift in Sources */,
				CC20436425F354C400AEFBA9 /* SearchResultsViewController.swift in Sources */,
				CC20436625F3552000AEFBA9 /* PostEditorViewController.swift in Sources */,
				CC20437025F36D0D00AEFBA9 /* StorageManager.swift in Sources */,
				CC20435825F353B400AEFBA9 /* RegistrationViewController.swift in Sources */,
				CC20436C25F36B1600AEFBA9 /* DatabaseManager.swift in Sources */,
				CC20435A25F353D300AEFBA9 /* PostViewController.swift in Sources */,
				CC20434F25F3522D00AEFBA9 /* NotificationsViewController.swift in Sources */,
				CC20435625F353A000AEFBA9 /* LoginViewController.swift in Sources */,
				CC20437225F3869B00AEFBA9 /* Extensions.swift in Sources */,
				CC20436225F354B200AEFBA9 /* SearchViewController.swift in Sources */,
				CC20435E25F3542000AEFBA9 /* EditProfileViewController.swift in Sources */,
				CC20436E25F36CC700AEFBA9 /* AuthManager.swift in Sources */,
				CC20435125F3524A00AEFBA9 /* ProfileViewController.swift in Sources */,
				CC20433325F34F3000AEFBA9 /* AppDelegate.swift in Sources */,
				CC20436025F3549600AEFBA9 /* ListViewController.swift in Sources */,
				CC20433525F34F3100AEFBA9 /* SceneDelegate.swift in Sources */,
			);
			runOnlyForDeploymentPostprocessing = 0;
		};
/* End PBXSourcesBuildPhase section */

/* Begin PBXVariantGroup section */
		CC20433D25F34F3600AEFBA9 /* LaunchScreen.storyboard */ = {
			isa = PBXVariantGroup;
			children = (
				CC20433E25F34F3600AEFBA9 /* Base */,
			);
			name = LaunchScreen.storyboard;
			sourceTree = "<group>";
		};
/* End PBXVariantGroup section */

/* Begin XCBuildConfiguration section */
		CC20434125F34F3600AEFBA9 /* Debug */ = {
			isa = XCBuildConfiguration;
			buildSettings = {
				ALWAYS_SEARCH_USER_PATHS = NO;
				CLANG_ANALYZER_NONNULL = YES;
				CLANG_ANALYZER_NUMBER_OBJECT_CONVERSION = YES_AGGRESSIVE;
				CLANG_CXX_LANGUAGE_STANDARD = "gnu++14";
				CLANG_CXX_LIBRARY = "libc++";
				CLANG_ENABLE_MODULES = YES;
				CLANG_ENABLE_OBJC_ARC = YES;
				CLANG_ENABLE_OBJC_WEAK = YES;
				CLANG_WARN_BLOCK_CAPTURE_AUTORELEASING = YES;
				CLANG_WARN_BOOL_CONVERSION = YES;
				CLANG_WARN_COMMA = YES;
				CLANG_WARN_CONSTANT_CONVERSION = YES;
				CLANG_WARN_DEPRECATED_OBJC_IMPLEMENTATIONS = YES;
				CLANG_WARN_DIRECT_OBJC_ISA_USAGE = YES_ERROR;
				CLANG_WARN_DOCUMENTATION_COMMENTS = YES;
				CLANG_WARN_EMPTY_BODY = YES;
				CLANG_WARN_ENUM_CONVERSION = YES;
				CLANG_WARN_INFINITE_RECURSION = YES;
				CLANG_WARN_INT_CONVERSION = YES;
				CLANG_WARN_NON_LITERAL_NULL_CONVERSION = YES;
				CLANG_WARN_OBJC_IMPLICIT_RETAIN_SELF = YES;
				CLANG_WARN_OBJC_LITERAL_CONVERSION = YES;
				CLANG_WARN_OBJC_ROOT_CLASS = YES_ERROR;
				CLANG_WARN_RANGE_LOOP_ANALYSIS = YES;
				CLANG_WARN_STRICT_PROTOTYPES = YES;
				CLANG_WARN_SUSPICIOUS_MOVE = YES;
				CLANG_WARN_UNGUARDED_AVAILABILITY = YES_AGGRESSIVE;
				CLANG_WARN_UNREACHABLE_CODE = YES;
				CLANG_WARN__DUPLICATE_METHOD_MATCH = YES;
				COPY_PHASE_STRIP = NO;
				DEBUG_INFORMATION_FORMAT = dwarf;
				ENABLE_STRICT_OBJC_MSGSEND = YES;
				ENABLE_TESTABILITY = YES;
				GCC_C_LANGUAGE_STANDARD = gnu11;
				GCC_DYNAMIC_NO_PIC = NO;
				GCC_NO_COMMON_BLOCKS = YES;
				GCC_OPTIMIZATION_LEVEL = 0;
				GCC_PREPROCESSOR_DEFINITIONS = (
					"DEBUG=1",
					"$(inherited)",
				);
				GCC_WARN_64_TO_32_BIT_CONVERSION = YES;
				GCC_WARN_ABOUT_RETURN_TYPE = YES_ERROR;
				GCC_WARN_UNDECLARED_SELECTOR = YES;
				GCC_WARN_UNINITIALIZED_AUTOS = YES_AGGRESSIVE;
				GCC_WARN_UNUSED_FUNCTION = YES;
				GCC_WARN_UNUSED_VARIABLE = YES;
				IPHONEOS_DEPLOYMENT_TARGET = 13.7;
				MTL_ENABLE_DEBUG_INFO = INCLUDE_SOURCE;
				MTL_FAST_MATH = YES;
				ONLY_ACTIVE_ARCH = YES;
				SDKROOT = iphoneos;
				SWIFT_ACTIVE_COMPILATION_CONDITIONS = DEBUG;
				SWIFT_OPTIMIZATION_LEVEL = "-Onone";
			};
			name = Debug;
		};
		CC20434225F34F3600AEFBA9 /* Release */ = {
			isa = XCBuildConfiguration;
			buildSettings = {
				ALWAYS_SEARCH_USER_PATHS = NO;
				CLANG_ANALYZER_NONNULL = YES;
				CLANG_ANALYZER_NUMBER_OBJECT_CONVERSION = YES_AGGRESSIVE;
				CLANG_CXX_LANGUAGE_STANDARD = "gnu++14";
				CLANG_CXX_LIBRARY = "libc++";
				CLANG_ENABLE_MODULES = YES;
				CLANG_ENABLE_OBJC_ARC = YES;
				CLANG_ENABLE_OBJC_WEAK = YES;
				CLANG_WARN_BLOCK_CAPTURE_AUTORELEASING = YES;
				CLANG_WARN_BOOL_CONVERSION = YES;
				CLANG_WARN_COMMA = YES;
				CLANG_WARN_CONSTANT_CONVERSION = YES;
				CLANG_WARN_DEPRECATED_OBJC_IMPLEMENTATIONS = YES;
				CLANG_WARN_DIRECT_OBJC_ISA_USAGE = YES_ERROR;
				CLANG_WARN_DOCUMENTATION_COMMENTS = YES;
				CLANG_WARN_EMPTY_BODY = YES;
				CLANG_WARN_ENUM_CONVERSION = YES;
				CLANG_WARN_INFINITE_RECURSION = YES;
				CLANG_WARN_INT_CONVERSION = YES;
				CLANG_WARN_NON_LITERAL_NULL_CONVERSION = YES;
				CLANG_WARN_OBJC_IMPLICIT_RETAIN_SELF = YES;
				CLANG_WARN_OBJC_LITERAL_CONVERSION = YES;
				CLANG_WARN_OBJC_ROOT_CLASS = YES_ERROR;
				CLANG_WARN_RANGE_LOOP_ANALYSIS = YES;
				CLANG_WARN_STRICT_PROTOTYPES = YES;
				CLANG_WARN_SUSPICIOUS_MOVE = YES;
				CLANG_WARN_UNGUARDED_AVAILABILITY = YES_AGGRESSIVE;
				CLANG_WARN_UNREACHABLE_CODE = YES;
				CLANG_WARN__DUPLICATE_METHOD_MATCH = YES;
				COPY_PHASE_STRIP = NO;
				DEBUG_INFORMATION_FORMAT = "dwarf-with-dsym";
				ENABLE_NS_ASSERTIONS = NO;
				ENABLE_STRICT_OBJC_MSGSEND = YES;
				GCC_C_LANGUAGE_STANDARD = gnu11;
				GCC_NO_COMMON_BLOCKS = YES;
				GCC_WARN_64_TO_32_BIT_CONVERSION = YES;
				GCC_WARN_ABOUT_RETURN_TYPE = YES_ERROR;
				GCC_WARN_UNDECLARED_SELECTOR = YES;
				GCC_WARN_UNINITIALIZED_AUTOS = YES_AGGRESSIVE;
				GCC_WARN_UNUSED_FUNCTION = YES;
				GCC_WARN_UNUSED_VARIABLE = YES;
				IPHONEOS_DEPLOYMENT_TARGET = 13.7;
				MTL_ENABLE_DEBUG_INFO = NO;
				MTL_FAST_MATH = YES;
				SDKROOT = iphoneos;
				SWIFT_COMPILATION_MODE = wholemodule;
				SWIFT_OPTIMIZATION_LEVEL = "-O";
				VALIDATE_PRODUCT = YES;
			};
			name = Release;
		};
		CC20434425F34F3600AEFBA9 /* Debug */ = {
			isa = XCBuildConfiguration;
			buildSettings = {
				ASSETCATALOG_COMPILER_APPICON_NAME = AppIcon;
				CODE_SIGN_STYLE = Automatic;
				DEVELOPMENT_TEAM = M49BK574GQ;
				INFOPLIST_FILE = Instagram/Info.plist;
				IPHONEOS_DEPLOYMENT_TARGET = 13.0;
				LD_RUNPATH_SEARCH_PATHS = (
					"$(inherited)",
					"@executable_path/Frameworks",
				);
				PRODUCT_BUNDLE_IDENTIFIER = com.prashanthumney.Instagram;
				PRODUCT_NAME = "$(TARGET_NAME)";
				SWIFT_VERSION = 5.0;
				TARGETED_DEVICE_FAMILY = "1,2";
			};
			name = Debug;
		};
		CC20434525F34F3600AEFBA9 /* Release */ = {
			isa = XCBuildConfiguration;
			buildSettings = {
				ASSETCATALOG_COMPILER_APPICON_NAME = AppIcon;
				CODE_SIGN_STYLE = Automatic;
				DEVELOPMENT_TEAM = M49BK574GQ;
				INFOPLIST_FILE = Instagram/Info.plist;
				IPHONEOS_DEPLOYMENT_TARGET = 13.0;
				LD_RUNPATH_SEARCH_PATHS = (
					"$(inherited)",
					"@executable_path/Frameworks",
				);
				PRODUCT_BUNDLE_IDENTIFIER = com.prashanthumney.Instagram;
				PRODUCT_NAME = "$(TARGET_NAME)";
				SWIFT_VERSION = 5.0;
				TARGETED_DEVICE_FAMILY = "1,2";
			};
			name = Release;
		};
/* End XCBuildConfiguration section */

/* Begin XCConfigurationList section */
		CC20432A25F34F3000AEFBA9 /* Build configuration list for PBXProject "Instagram" */ = {
			isa = XCConfigurationList;
			buildConfigurations = (
				CC20434125F34F3600AEFBA9 /* Debug */,
				CC20434225F34F3600AEFBA9 /* Release */,
			);
			defaultConfigurationIsVisible = 0;
			defaultConfigurationName = Release;
		};
		CC20434325F34F3600AEFBA9 /* Build configuration list for PBXNativeTarget "Instagram" */ = {
			isa = XCConfigurationList;
			buildConfigurations = (
				CC20434425F34F3600AEFBA9 /* Debug */,
				CC20434525F34F3600AEFBA9 /* Release */,
			);
			defaultConfigurationIsVisible = 0;
			defaultConfigurationName = Release;
		};
/* End XCConfigurationList section */
	};
	rootObject = CC20432725F34F3000AEFBA9 /* Project object */;
}
